github.com/rsp9u/go-xlsshape v0.0.1 h1:GANYsy1xCWXlPhYQvZp6nufECoq9KQ+QuOwR8R1bMZs=
github.com/rsp9u/go-xlsshape v0.0.1/go.mod h1:qp6xgr+vnJ2X02wNeHZsFfKI09XNkTPOIhuY45Gx6OE=
github.com/rsp9u/go-xlsshape v0.0.2 h1:Kh4KdFTLz1U+dGC35SJCN9YdagPvOeRpLqvEcxYe7Uk=
github.com/rsp9u/go-xlsshape v0.0.2/go.mod h1:qp6xgr+vnJ2X02wNeHZsFfKI09XNkTPOIhuY45Gx6OE=
